<?xml version="1.0" encoding="UTF-8" standalone="yes" ?>
<CodeBlocks_project_file>
	<FileVersion major="1" minor="6" />
	<Project>
		<Option title="rev" />
		<Option pch_mode="2" />
		<Option compiler="gcc" />
		<Build>
			<Target title="Debug">
				<Option output="bin/Debug/rev" prefix_auto="1" extension_auto="1" />
				<Option object_output="obj/Debug/" />
				<Option type="1" />
				<Option compiler="gcc" />
				<Compiler>
					<Add option="-fpermissive" />
					<Add option="-march=native" />
					<Add option="-g" />
				</Compiler>
				<Linker>
					<Add option="-m64" />
					<Add library="pthread" />
				</Linker>
			</Target>
			<Target title="Release">
				<Option output="bin/Release/rev" prefix_auto="1" extension_auto="1" />
				<Option object_output="obj/Release/" />
				<Option type="1" />
				<Option compiler="gcc" />
				<Compiler>
					<Add option="-fno-exceptions" />
					<Add option="-fpermissive" />
					<Add option="-march=native" />
					<Add option="-fexpensive-optimizations" />
					<Add option="-flto" />
					<Add option="-O3" />
					<Add option="-w" />
					<Add option="-DNDEBUG" />
				</Compiler>
				<Linker>
					<Add option="-flto" />
					<Add option="-m64" />
					<Add library="pthread" />
				</Linker>
			</Target>
		</Build>
		<Compiler>
			<Add option="-Wall" />
			<Add option="-fexceptions" />
		</Compiler>
		<Unit filename="../ODK/GGSMessage.cpp" />
		<Unit filename="../ODK/GGSObjects.cpp" />
		<Unit filename="../ODK/GGSmain.cpp" />
		<Unit filename="../ODK/GetMove.cpp" />
		<Unit filename="../ODK/ODKStream.cpp" />
		<Unit filename="../ODK/OsMessage.cpp" />
		<Unit filename="../ODK/OsObjects.cpp" />
		<Unit filename="../ODK/ggsstream.cpp" />
		<Unit filename="../ODK/sockbuf.cpp" />
		<Unit filename="../bit_mob.cpp" />
		<Unit filename="../eval.cpp" />
		<Unit filename="../flip_bmi2.cpp" />
		<Unit filename="../ginit.cpp" />
		<Unit filename="../globals.cpp" />
		<Unit filename="../hash.cpp" />
		<Unit filename="../main.cpp" />
		<Unit filename="../search.cpp" />
		<Unit filename="../sigmas.cpp" />
		<Extensions />
	</Project>
</CodeBlocks_project_file>
